
Microsoft Visual Studio Solution File, Format Version 12.00
# Visual Studio Version 17
VisualStudioVersion = 17.7.34031.279
MinimumVisualStudioVersion = 10.0.40219.1
Project("{FAE04EC0-301F-11D3-BF4B-00C04F79EFBC}") = "CYOAGame", "CYOAGame.csproj", "{812DBC8D-F71E-4ACA-81C0-C2804EADBABE}"
EndProject
Global
	GlobalSection(SolutionConfigurationPlatforms) = preSolution
		Debug|Any CPU = Debug|Any CPU
		Release|Any CPU = Release|Any CPU
	EndGlobalSection
	GlobalSection(ProjectConfigurationPlatforms) = postSolution
		{812DBC8D-F71E-4ACA-81C0-C2804EADBABE}.Debug|Any CPU.ActiveCfg = Debug|Any CPU
		{812DBC8D-F71E-4ACA-81C0-C2804EADBABE}.Debug|Any CPU.Build.0 = Debug|Any CPU
		{812DBC8D-F71E-4ACA-81C0-C2804EADBABE}.Release|Any CPU.ActiveCfg = Release|Any CPU
		{812DBC8D-F71E-4ACA-81C0-C2804EADBABE}.Release|Any CPU.Build.0 = Release|Any CPU
	EndGlobalSection
	GlobalSection(SolutionProperties) = preSolution
		HideSolutionNode = FALSE
	EndGlobalSection
	GlobalSection(ExtensibilityGlobals) = postSolution
		SolutionGuid = {BC63747B-F2AF-4B27-A087-152A5D388E0B}
	EndGlobalSection
EndGlobal
